
Microsoft Visual Studio Solution File, Format Version 12.00
# Blend for Visual Studio 14
VisualStudioVersion = 14.0.25123.0
MinimumVisualStudioVersion = 10.0.40219.1
Project("{FAE04EC0-301F-11D3-BF4B-00C04F79EFBC}") = "CoffeeUniversal", "CoffeeUniversal\CoffeeUniversal.csproj", "{17036B6D-2162-45C9-BBB5-C4231083EB73}"
EndProject
Project("{FAE04EC0-301F-11D3-BF4B-00C04F79EFBC}") = "CoffeeWinRT", "CoffeeWinRT\CoffeeWinRT.csproj", "{C3585EE6-CFBC-4756-9EAE-C85398A6E4AC}"
EndProject
Project("{FAE04EC0-301F-11D3-BF4B-00C04F79EFBC}") = "CoffeeBackgroundWinRT", "CoffeeBackgroundWinRT\CoffeeBackgroundWinRT.csproj", "{1EFC665A-8CA2-4F92-816F-E7E6AB969C5E}"
EndProject
Project("{FAE04EC0-301F-11D3-BF4B-00C04F79EFBC}") = "CoffeeUtilities", "CoffeeUtilities\CoffeeUtilities.csproj", "{78B28F7F-95CE-43CF-9086-AC1FC36462B4}"
EndProject
Project("{FAE04EC0-301F-11D3-BF4B-00C04F79EFBC}") = "CoffeeBackgroundAudio", "CoffeeBackgroundAudio\CoffeeBackgroundAudio.csproj", "{03834A42-1047-4220-8C2F-155F25E35471}"
EndProject
Project("{8BC9CEB8-8B4A-11D0-8D11-00A0C91BC942}") = "CoffeeDirectX", "CoffeeDirectX\CoffeeDirectX.vcxproj", "{1332F0CA-3EBF-4619-9513-00363665342F}"
EndProject
Project("{FAE04EC0-301F-11D3-BF4B-00C04F79EFBC}") = "CoffeeUniversalMUMA", "CoffeeUniversal\CoffeeUniversalMUMA.csproj", "{F3C11DCD-5AAE-49B0-B4B7-6859DAC5864F}"
EndProject
Project("{FAE04EC0-301F-11D3-BF4B-00C04F79EFBC}") = "CoffeeOptionalPackage - Biscotti", "CoffeeOptionalPackage\CoffeeOptionalPackage - Biscotti.csproj", "{3233E48A-914C-481D-95EC-1E11BC40ECC6}"
EndProject
Project("{8BC9CEB8-8B4A-11D0-8D11-00A0C91BC942}") = "CoffeeOptionalPackageDLL", "CoffeeOptionalPackageDLL\CoffeeOptionalPackageDLL.vcxproj", "{5887CD9C-428E-4151-914B-14B7ED6E0301}"
EndProject
Project("{8BC9CEB8-8B4A-11D0-8D11-00A0C91BC942}") = "CoffeeOptionalPackageWinRT", "OptWinRT\OptWinRT.vcxproj", "{1C553641-5AC8-4BF1-9C29-45E858B303E1}"
EndProject
Project("{FAE04EC0-301F-11D3-BF4B-00C04F79EFBC}") = "CoffeeOptionalPackage - Cupcake", "CoffeeOptionalPackage - Cupcake\CoffeeOptionalPackage - Cupcake.csproj", "{1DB0C0F7-1DC5-46CF-82C8-07ABB651D613}"
EndProject
Project("{FAE04EC0-301F-11D3-BF4B-00C04F79EFBC}") = "CoffeeOptionalPackage - Croissant", "CoffeeOptionalPackage - Croissant\CoffeeOptionalPackage - Croissant.csproj", "{D86D087F-6AC4-48E5-B865-D0498F24A40A}"
EndProject
Global
	GlobalSection(SolutionConfigurationPlatforms) = preSolution
		Debug|Any CPU = Debug|Any CPU
		Debug|ARM = Debug|ARM
		Debug|x64 = Debug|x64
		Debug|x86 = Debug|x86
		Release|Any CPU = Release|Any CPU
		Release|ARM = Release|ARM
		Release|x64 = Release|x64
		Release|x86 = Release|x86
	EndGlobalSection
	GlobalSection(ProjectConfigurationPlatforms) = postSolution
		{17036B6D-2162-45C9-BBB5-C4231083EB73}.Debug|Any CPU.ActiveCfg = Debug|x86
		{17036B6D-2162-45C9-BBB5-C4231083EB73}.Debug|ARM.ActiveCfg = Debug|ARM
		{17036B6D-2162-45C9-BBB5-C4231083EB73}.Debug|ARM.Build.0 = Debug|ARM
		{17036B6D-2162-45C9-BBB5-C4231083EB73}.Debug|ARM.Deploy.0 = Debug|ARM
		{17036B6D-2162-45C9-BBB5-C4231083EB73}.Debug|x64.ActiveCfg = Debug|x64
		{17036B6D-2162-45C9-BBB5-C4231083EB73}.Debug|x64.Build.0 = Debug|x64
		{17036B6D-2162-45C9-BBB5-C4231083EB73}.Debug|x64.Deploy.0 = Debug|x64
		{17036B6D-2162-45C9-BBB5-C4231083EB73}.Debug|x86.ActiveCfg = Debug|x86
		{17036B6D-2162-45C9-BBB5-C4231083EB73}.Debug|x86.Build.0 = Debug|x86
		{17036B6D-2162-45C9-BBB5-C4231083EB73}.Debug|x86.Deploy.0 = Debug|x86
		{17036B6D-2162-45C9-BBB5-C4231083EB73}.Release|Any CPU.ActiveCfg = Release|x86
		{17036B6D-2162-45C9-BBB5-C4231083EB73}.Release|ARM.ActiveCfg = Release|ARM
		{17036B6D-2162-45C9-BBB5-C4231083EB73}.Release|ARM.Build.0 = Release|ARM
		{17036B6D-2162-45C9-BBB5-C4231083EB73}.Release|ARM.Deploy.0 = Release|ARM
		{17036B6D-2162-45C9-BBB5-C4231083EB73}.Release|x64.ActiveCfg = Release|x64
		{17036B6D-2162-45C9-BBB5-C4231083EB73}.Release|x64.Build.0 = Release|x64
		{17036B6D-2162-45C9-BBB5-C4231083EB73}.Release|x64.Deploy.0 = Release|x64
		{17036B6D-2162-45C9-BBB5-C4231083EB73}.Release|x86.ActiveCfg = Release|x86
		{17036B6D-2162-45C9-BBB5-C4231083EB73}.Release|x86.Build.0 = Release|x86
		{17036B6D-2162-45C9-BBB5-C4231083EB73}.Release|x86.Deploy.0 = Release|x86
		{C3585EE6-CFBC-4756-9EAE-C85398A6E4AC}.Debug|Any CPU.ActiveCfg = Debug|x86
		{C3585EE6-CFBC-4756-9EAE-C85398A6E4AC}.Debug|ARM.ActiveCfg = Debug|ARM
		{C3585EE6-CFBC-4756-9EAE-C85398A6E4AC}.Debug|ARM.Build.0 = Debug|ARM
		{C3585EE6-CFBC-4756-9EAE-C85398A6E4AC}.Debug|x64.ActiveCfg = Debug|x64
		{C3585EE6-CFBC-4756-9EAE-C85398A6E4AC}.Debug|x64.Build.0 = Debug|x64
		{C3585EE6-CFBC-4756-9EAE-C85398A6E4AC}.Debug|x86.ActiveCfg = Debug|x86
		{C3585EE6-CFBC-4756-9EAE-C85398A6E4AC}.Debug|x86.Build.0 = Debug|x86
		{C3585EE6-CFBC-4756-9EAE-C85398A6E4AC}.Release|Any CPU.ActiveCfg = Release|x86
		{C3585EE6-CFBC-4756-9EAE-C85398A6E4AC}.Release|ARM.ActiveCfg = Release|ARM
		{C3585EE6-CFBC-4756-9EAE-C85398A6E4AC}.Release|ARM.Build.0 = Release|ARM
		{C3585EE6-CFBC-4756-9EAE-C85398A6E4AC}.Release|x64.ActiveCfg = Release|x64
		{C3585EE6-CFBC-4756-9EAE-C85398A6E4AC}.Release|x64.Build.0 = Release|x64
		{C3585EE6-CFBC-4756-9EAE-C85398A6E4AC}.Release|x86.ActiveCfg = Release|x86
		{C3585EE6-CFBC-4756-9EAE-C85398A6E4AC}.Release|x86.Build.0 = Release|x86
		{1EFC665A-8CA2-4F92-816F-E7E6AB969C5E}.Debug|Any CPU.ActiveCfg = Debug|x86
		{1EFC665A-8CA2-4F92-816F-E7E6AB969C5E}.Debug|ARM.ActiveCfg = Debug|ARM
		{1EFC665A-8CA2-4F92-816F-E7E6AB969C5E}.Debug|ARM.Build.0 = Debug|ARM
		{1EFC665A-8CA2-4F92-816F-E7E6AB969C5E}.Debug|x64.ActiveCfg = Debug|x64
		{1EFC665A-8CA2-4F92-816F-E7E6AB969C5E}.Debug|x64.Build.0 = Debug|x64
		{1EFC665A-8CA2-4F92-816F-E7E6AB969C5E}.Debug|x86.ActiveCfg = Debug|x86
		{1EFC665A-8CA2-4F92-816F-E7E6AB969C5E}.Debug|x86.Build.0 = Debug|x86
		{1EFC665A-8CA2-4F92-816F-E7E6AB969C5E}.Release|Any CPU.ActiveCfg = Release|x86
		{1EFC665A-8CA2-4F92-816F-E7E6AB969C5E}.Release|ARM.ActiveCfg = Release|ARM
		{1EFC665A-8CA2-4F92-816F-E7E6AB969C5E}.Release|ARM.Build.0 = Release|ARM
		{1EFC665A-8CA2-4F92-816F-E7E6AB969C5E}.Release|x64.ActiveCfg = Release|x64
		{1EFC665A-8CA2-4F92-816F-E7E6AB969C5E}.Release|x64.Build.0 = Release|x64
		{1EFC665A-8CA2-4F92-816F-E7E6AB969C5E}.Release|x86.ActiveCfg = Release|x86
		{1EFC665A-8CA2-4F92-816F-E7E6AB969C5E}.Release|x86.Build.0 = Release|x86
		{78B28F7F-95CE-43CF-9086-AC1FC36462B4}.Debug|Any CPU.ActiveCfg = Debug|x86
		{78B28F7F-95CE-43CF-9086-AC1FC36462B4}.Debug|ARM.ActiveCfg = Debug|ARM
		{78B28F7F-95CE-43CF-9086-AC1FC36462B4}.Debug|ARM.Build.0 = Debug|ARM
		{78B28F7F-95CE-43CF-9086-AC1FC36462B4}.Debug|x64.ActiveCfg = Debug|x64
		{78B28F7F-95CE-43CF-9086-AC1FC36462B4}.Debug|x64.Build.0 = Debug|x64
		{78B28F7F-95CE-43CF-9086-AC1FC36462B4}.Debug|x86.ActiveCfg = Debug|x86
		{78B28F7F-95CE-43CF-9086-AC1FC36462B4}.Debug|x86.Build.0 = Debug|x86
		{78B28F7F-95CE-43CF-9086-AC1FC36462B4}.Release|Any CPU.ActiveCfg = Release|x86
		{78B28F7F-95CE-43CF-9086-AC1FC36462B4}.Release|ARM.ActiveCfg = Release|ARM
		{78B28F7F-95CE-43CF-9086-AC1FC36462B4}.Release|ARM.Build.0 = Release|ARM
		{78B28F7F-95CE-43CF-9086-AC1FC36462B4}.Release|x64.ActiveCfg = Release|x64
		{78B28F7F-95CE-43CF-9086-AC1FC36462B4}.Release|x64.Build.0 = Release|x64
		{78B28F7F-95CE-43CF-9086-AC1FC36462B4}.Release|x86.ActiveCfg = Release|x86
		{78B28F7F-95CE-43CF-9086-AC1FC36462B4}.Release|x86.Build.0 = Release|x86
		{03834A42-1047-4220-8C2F-155F25E35471}.Debug|Any CPU.ActiveCfg = Debug|x86
		{03834A42-1047-4220-8C2F-155F25E35471}.Debug|ARM.ActiveCfg = Debug|ARM
		{03834A42-1047-4220-8C2F-155F25E35471}.Debug|ARM.Build.0 = Debug|ARM
		{03834A42-1047-4220-8C2F-155F25E35471}.Debug|x64.ActiveCfg = Debug|x64
		{03834A42-1047-4220-8C2F-155F25E35471}.Debug|x64.Build.0 = Debug|x64
		{03834A42-1047-4220-8C2F-155F25E35471}.Debug|x86.ActiveCfg = Debug|x86
		{03834A42-1047-4220-8C2F-155F25E35471}.Debug|x86.Build.0 = Debug|x86
		{03834A42-1047-4220-8C2F-155F25E35471}.Release|Any CPU.ActiveCfg = Release|x86
		{03834A42-1047-4220-8C2F-155F25E35471}.Release|ARM.ActiveCfg = Release|ARM
		{03834A42-1047-4220-8C2F-155F25E35471}.Release|ARM.Build.0 = Release|ARM
		{03834A42-1047-4220-8C2F-155F25E35471}.Release|x64.ActiveCfg = Release|x64
		{03834A42-1047-4220-8C2F-155F25E35471}.Release|x64.Build.0 = Release|x64
		{03834A42-1047-4220-8C2F-155F25E35471}.Release|x86.ActiveCfg = Release|x86
		{03834A42-1047-4220-8C2F-155F25E35471}.Release|x86.Build.0 = Release|x86
		{1332F0CA-3EBF-4619-9513-00363665342F}.Debug|Any CPU.ActiveCfg = Debug|Win32
		{1332F0CA-3EBF-4619-9513-00363665342F}.Debug|ARM.ActiveCfg = Debug|ARM
		{1332F0CA-3EBF-4619-9513-00363665342F}.Debug|ARM.Build.0 = Debug|ARM
		{1332F0CA-3EBF-4619-9513-00363665342F}.Debug|x64.ActiveCfg = Debug|x64
		{1332F0CA-3EBF-4619-9513-00363665342F}.Debug|x64.Build.0 = Debug|x64
		{1332F0CA-3EBF-4619-9513-00363665342F}.Debug|x86.ActiveCfg = Debug|Win32
		{1332F0CA-3EBF-4619-9513-00363665342F}.Debug|x86.Build.0 = Debug|Win32
		{1332F0CA-3EBF-4619-9513-00363665342F}.Release|Any CPU.ActiveCfg = Release|Win32
		{1332F0CA-3EBF-4619-9513-00363665342F}.Release|ARM.ActiveCfg = Release|ARM
		{1332F0CA-3EBF-4619-9513-00363665342F}.Release|ARM.Build.0 = Release|ARM
		{1332F0CA-3EBF-4619-9513-00363665342F}.Release|x64.ActiveCfg = Release|x64
		{1332F0CA-3EBF-4619-9513-00363665342F}.Release|x64.Build.0 = Release|x64
		{1332F0CA-3EBF-4619-9513-00363665342F}.Release|x86.ActiveCfg = Release|Win32
		{1332F0CA-3EBF-4619-9513-00363665342F}.Release|x86.Build.0 = Release|Win32
		{F3C11DCD-5AAE-49B0-B4B7-6859DAC5864F}.Debug|Any CPU.ActiveCfg = Debug|x86
		{F3C11DCD-5AAE-49B0-B4B7-6859DAC5864F}.Debug|ARM.ActiveCfg = Debug|ARM
		{F3C11DCD-5AAE-49B0-B4B7-6859DAC5864F}.Debug|ARM.Build.0 = Debug|ARM
		{F3C11DCD-5AAE-49B0-B4B7-6859DAC5864F}.Debug|ARM.Deploy.0 = Debug|ARM
		{F3C11DCD-5AAE-49B0-B4B7-6859DAC5864F}.Debug|x64.ActiveCfg = Debug|x64
		{F3C11DCD-5AAE-49B0-B4B7-6859DAC5864F}.Debug|x64.Build.0 = Debug|x64
		{F3C11DCD-5AAE-49B0-B4B7-6859DAC5864F}.Debug|x64.Deploy.0 = Debug|x64
		{F3C11DCD-5AAE-49B0-B4B7-6859DAC5864F}.Debug|x86.ActiveCfg = Debug|x86
		{F3C11DCD-5AAE-49B0-B4B7-6859DAC5864F}.Debug|x86.Build.0 = Debug|x86
		{F3C11DCD-5AAE-49B0-B4B7-6859DAC5864F}.Debug|x86.Deploy.0 = Debug|x86
		{F3C11DCD-5AAE-49B0-B4B7-6859DAC5864F}.Release|Any CPU.ActiveCfg = Release|x86
		{F3C11DCD-5AAE-49B0-B4B7-6859DAC5864F}.Release|ARM.ActiveCfg = Release|ARM
		{F3C11DCD-5AAE-49B0-B4B7-6859DAC5864F}.Release|ARM.Build.0 = Release|ARM
		{F3C11DCD-5AAE-49B0-B4B7-6859DAC5864F}.Release|ARM.Deploy.0 = Release|ARM
		{F3C11DCD-5AAE-49B0-B4B7-6859DAC5864F}.Release|x64.ActiveCfg = Release|x64
		{F3C11DCD-5AAE-49B0-B4B7-6859DAC5864F}.Release|x64.Build.0 = Release|x64
		{F3C11DCD-5AAE-49B0-B4B7-6859DAC5864F}.Release|x64.Deploy.0 = Release|x64
		{F3C11DCD-5AAE-49B0-B4B7-6859DAC5864F}.Release|x86.ActiveCfg = Release|x86
		{F3C11DCD-5AAE-49B0-B4B7-6859DAC5864F}.Release|x86.Build.0 = Release|x86
		{F3C11DCD-5AAE-49B0-B4B7-6859DAC5864F}.Release|x86.Deploy.0 = Release|x86
		{3233E48A-914C-481D-95EC-1E11BC40ECC6}.Debug|Any CPU.ActiveCfg = Debug|x86
		{3233E48A-914C-481D-95EC-1E11BC40ECC6}.Debug|ARM.ActiveCfg = Debug|ARM
		{3233E48A-914C-481D-95EC-1E11BC40ECC6}.Debug|ARM.Build.0 = Debug|ARM
		{3233E48A-914C-481D-95EC-1E11BC40ECC6}.Debug|ARM.Deploy.0 = Debug|ARM
		{3233E48A-914C-481D-95EC-1E11BC40ECC6}.Debug|x64.ActiveCfg = Debug|x64
		{3233E48A-914C-481D-95EC-1E11BC40ECC6}.Debug|x64.Build.0 = Debug|x64
		{3233E48A-914C-481D-95EC-1E11BC40ECC6}.Debug|x64.Deploy.0 = Debug|x64
		{3233E48A-914C-481D-95EC-1E11BC40ECC6}.Debug|x86.ActiveCfg = Debug|x86
		{3233E48A-914C-481D-95EC-1E11BC40ECC6}.Debug|x86.Build.0 = Debug|x86
		{3233E48A-914C-481D-95EC-1E11BC40ECC6}.Debug|x86.Deploy.0 = Debug|x86
		{3233E48A-914C-481D-95EC-1E11BC40ECC6}.Release|Any CPU.ActiveCfg = Release|x86
		{3233E48A-914C-481D-95EC-1E11BC40ECC6}.Release|ARM.ActiveCfg = Release|ARM
		{3233E48A-914C-481D-95EC-1E11BC40ECC6}.Release|ARM.Build.0 = Release|ARM
		{3233E48A-914C-481D-95EC-1E11BC40ECC6}.Release|ARM.Deploy.0 = Release|ARM
		{3233E48A-914C-481D-95EC-1E11BC40ECC6}.Release|x64.ActiveCfg = Release|x64
		{3233E48A-914C-481D-95EC-1E11BC40ECC6}.Release|x64.Build.0 = Release|x64
		{3233E48A-914C-481D-95EC-1E11BC40ECC6}.Release|x64.Deploy.0 = Release|x64
		{3233E48A-914C-481D-95EC-1E11BC40ECC6}.Release|x86.ActiveCfg = Release|x86
		{3233E48A-914C-481D-95EC-1E11BC40ECC6}.Release|x86.Build.0 = Release|x86
		{3233E48A-914C-481D-95EC-1E11BC40ECC6}.Release|x86.Deploy.0 = Release|x86
		{5887CD9C-428E-4151-914B-14B7ED6E0301}.Debug|Any CPU.ActiveCfg = Debug|Win32
		{5887CD9C-428E-4151-914B-14B7ED6E0301}.Debug|ARM.ActiveCfg = Debug|ARM
		{5887CD9C-428E-4151-914B-14B7ED6E0301}.Debug|ARM.Build.0 = Debug|ARM
		{5887CD9C-428E-4151-914B-14B7ED6E0301}.Debug|x64.ActiveCfg = Debug|x64
		{5887CD9C-428E-4151-914B-14B7ED6E0301}.Debug|x64.Build.0 = Debug|x64
		{5887CD9C-428E-4151-914B-14B7ED6E0301}.Debug|x86.ActiveCfg = Debug|Win32
		{5887CD9C-428E-4151-914B-14B7ED6E0301}.Debug|x86.Build.0 = Debug|Win32
		{5887CD9C-428E-4151-914B-14B7ED6E0301}.Release|Any CPU.ActiveCfg = Release|Win32
		{5887CD9C-428E-4151-914B-14B7ED6E0301}.Release|ARM.ActiveCfg = Release|ARM
		{5887CD9C-428E-4151-914B-14B7ED6E0301}.Release|ARM.Build.0 = Release|ARM
		{5887CD9C-428E-4151-914B-14B7ED6E0301}.Release|x64.ActiveCfg = Release|x64
		{5887CD9C-428E-4151-914B-14B7ED6E0301}.Release|x64.Build.0 = Release|x64
		{5887CD9C-428E-4151-914B-14B7ED6E0301}.Release|x86.ActiveCfg = Release|Win32
		{5887CD9C-428E-4151-914B-14B7ED6E0301}.Release|x86.Build.0 = Release|Win32
		{1C553641-5AC8-4BF1-9C29-45E858B303E1}.Debug|Any CPU.ActiveCfg = Debug|Win32
		{1C553641-5AC8-4BF1-9C29-45E858B303E1}.Debug|ARM.ActiveCfg = Debug|ARM
		{1C553641-5AC8-4BF1-9C29-45E858B303E1}.Debug|ARM.Build.0 = Debug|ARM
		{1C553641-5AC8-4BF1-9C29-45E858B303E1}.Debug|x64.ActiveCfg = Debug|x64
		{1C553641-5AC8-4BF1-9C29-45E858B303E1}.Debug|x64.Build.0 = Debug|x64
		{1C553641-5AC8-4BF1-9C29-45E858B303E1}.Debug|x86.ActiveCfg = Debug|Win32
		{1C553641-5AC8-4BF1-9C29-45E858B303E1}.Debug|x86.Build.0 = Debug|Win32
		{1C553641-5AC8-4BF1-9C29-45E858B303E1}.Release|Any CPU.ActiveCfg = Release|Win32
		{1C553641-5AC8-4BF1-9C29-45E858B303E1}.Release|ARM.ActiveCfg = Release|ARM
		{1C553641-5AC8-4BF1-9C29-45E858B303E1}.Release|ARM.Build.0 = Release|ARM
		{1C553641-5AC8-4BF1-9C29-45E858B303E1}.Release|x64.ActiveCfg = Release|x64
		{1C553641-5AC8-4BF1-9C29-45E858B303E1}.Release|x64.Build.0 = Release|x64
		{1C553641-5AC8-4BF1-9C29-45E858B303E1}.Release|x86.ActiveCfg = Release|Win32
		{1C553641-5AC8-4BF1-9C29-45E858B303E1}.Release|x86.Build.0 = Release|Win32
		{1DB0C0F7-1DC5-46CF-82C8-07ABB651D613}.Debug|Any CPU.ActiveCfg = Debug|x86
		{1DB0C0F7-1DC5-46CF-82C8-07ABB651D613}.Debug|ARM.ActiveCfg = Debug|ARM
		{1DB0C0F7-1DC5-46CF-82C8-07ABB651D613}.Debug|ARM.Build.0 = Debug|ARM
		{1DB0C0F7-1DC5-46CF-82C8-07ABB651D613}.Debug|ARM.Deploy.0 = Debug|ARM
		{1DB0C0F7-1DC5-46CF-82C8-07ABB651D613}.Debug|x64.ActiveCfg = Debug|x64
		{1DB0C0F7-1DC5-46CF-82C8-07ABB651D613}.Debug|x64.Build.0 = Debug|x64
		{1DB0C0F7-1DC5-46CF-82C8-07ABB651D613}.Debug|x64.Deploy.0 = Debug|x64
		{1DB0C0F7-1DC5-46CF-82C8-07ABB651D613}.Debug|x86.ActiveCfg = Debug|x86
		{1DB0C0F7-1DC5-46CF-82C8-07ABB651D613}.Debug|x86.Build.0 = Debug|x86
		{1DB0C0F7-1DC5-46CF-82C8-07ABB651D613}.Debug|x86.Deploy.0 = Debug|x86
		{1DB0C0F7-1DC5-46CF-82C8-07ABB651D613}.Release|Any CPU.ActiveCfg = Release|x86
		{1DB0C0F7-1DC5-46CF-82C8-07ABB651D613}.Release|ARM.ActiveCfg = Release|ARM
		{1DB0C0F7-1DC5-46CF-82C8-07ABB651D613}.Release|ARM.Build.0 = Release|ARM
		{1DB0C0F7-1DC5-46CF-82C8-07ABB651D613}.Release|ARM.Deploy.0 = Release|ARM
		{1DB0C0F7-1DC5-46CF-82C8-07ABB651D613}.Release|x64.ActiveCfg = Release|x64
		{1DB0C0F7-1DC5-46CF-82C8-07ABB651D613}.Release|x64.Build.0 = Release|x64
		{1DB0C0F7-1DC5-46CF-82C8-07ABB651D613}.Release|x64.Deploy.0 = Release|x64
		{1DB0C0F7-1DC5-46CF-82C8-07ABB651D613}.Release|x86.ActiveCfg = Release|x86
		{1DB0C0F7-1DC5-46CF-82C8-07ABB651D613}.Release|x86.Build.0 = Release|x86
		{1DB0C0F7-1DC5-46CF-82C8-07ABB651D613}.Release|x86.Deploy.0 = Release|x86
		{D86D087F-6AC4-48E5-B865-D0498F24A40A}.Debug|Any CPU.ActiveCfg = Debug|x86
		{D86D087F-6AC4-48E5-B865-D0498F24A40A}.Debug|ARM.ActiveCfg = Debug|ARM
		{D86D087F-6AC4-48E5-B865-D0498F24A40A}.Debug|ARM.Build.0 = Debug|ARM
		{D86D087F-6AC4-48E5-B865-D0498F24A40A}.Debug|ARM.Deploy.0 = Debug|ARM
		{D86D087F-6AC4-48E5-B865-D0498F24A40A}.Debug|x64.ActiveCfg = Debug|x64
		{D86D087F-6AC4-48E5-B865-D0498F24A40A}.Debug|x64.Build.0 = Debug|x64
		{D86D087F-6AC4-48E5-B865-D0498F24A40A}.Debug|x64.Deploy.0 = Debug|x64
		{D86D087F-6AC4-48E5-B865-D0498F24A40A}.Debug|x86.ActiveCfg = Debug|x86
		{D86D087F-6AC4-48E5-B865-D0498F24A40A}.Debug|x86.Build.0 = Debug|x86
		{D86D087F-6AC4-48E5-B865-D0498F24A40A}.Debug|x86.Deploy.0 = Debug|x86
		{D86D087F-6AC4-48E5-B865-D0498F24A40A}.Release|Any CPU.ActiveCfg = Release|x86
		{D86D087F-6AC4-48E5-B865-D0498F24A40A}.Release|ARM.ActiveCfg = Release|ARM
		{D86D087F-6AC4-48E5-B865-D0498F24A40A}.Release|ARM.Build.0 = Release|ARM
		{D86D087F-6AC4-48E5-B865-D0498F24A40A}.Release|ARM.Deploy.0 = Release|ARM
		{D86D087F-6AC4-48E5-B865-D0498F24A40A}.Release|x64.ActiveCfg = Release|x64
		{D86D087F-6AC4-48E5-B865-D0498F24A40A}.Release|x64.Build.0 = Release|x64
		{D86D087F-6AC4-48E5-B865-D0498F24A40A}.Release|x64.Deploy.0 = Release|x64
		{D86D087F-6AC4-48E5-B865-D0498F24A40A}.Release|x86.ActiveCfg = Release|x86
		{D86D087F-6AC4-48E5-B865-D0498F24A40A}.Release|x86.Build.0 = Release|x86
		{D86D087F-6AC4-48E5-B865-D0498F24A40A}.Release|x86.Deploy.0 = Release|x86
	EndGlobalSection
	GlobalSection(SolutionProperties) = preSolution
		HideSolutionNode = FALSE
	EndGlobalSection
EndGlobal
